// !$*UTF8*$!
{
	archiveVersion = 1;
	classes = {
	};
	objectVersion = 51;
	objects = {

/* Begin PBXBuildFile section */
		3FFB1665268A602BBECAC907 /* Pods_LetsMeetTests.framework in Frameworks */ = {isa = PBXBuildFile; fileRef = 1038175980B18836487CE76D /* Pods_LetsMeetTests.framework */; };
		500E495C238DA40800D26BD2 /* AppUser.swift in Sources */ = {isa = PBXBuildFile; fileRef = 500E495B238DA40800D26BD2 /* AppUser.swift */; };
		503223AC23A09D6A009A9BCA /* UsersMessageCell.swift in Sources */ = {isa = PBXBuildFile; fileRef = 503223AB23A09D6A009A9BCA /* UsersMessageCell.swift */; };
		503223AE23A0AEE1009A9BCA /* ChatLogController.swift in Sources */ = {isa = PBXBuildFile; fileRef = 503223AD23A0AEE1009A9BCA /* ChatLogController.swift */; };
		5037AC8C238D9A3D00067EFA /* AppDelegate.swift in Sources */ = {isa = PBXBuildFile; fileRef = 5037AC8B238D9A3D00067EFA /* AppDelegate.swift */; };
		5037AC8E238D9A3D00067EFA /* SceneDelegate.swift in Sources */ = {isa = PBXBuildFile; fileRef = 5037AC8D238D9A3D00067EFA /* SceneDelegate.swift */; };
		5037AC95238D9A3F00067EFA /* Assets.xcassets in Resources */ = {isa = PBXBuildFile; fileRef = 5037AC94238D9A3F00067EFA /* Assets.xcassets */; };
		5037AC98238D9A3F00067EFA /* LaunchScreen.storyboard in Resources */ = {isa = PBXBuildFile; fileRef = 5037AC96238D9A3F00067EFA /* LaunchScreen.storyboard */; };
		5037ACA3238D9A3F00067EFA /* LetsMeetTests.swift in Sources */ = {isa = PBXBuildFile; fileRef = 5037ACA2238D9A3F00067EFA /* LetsMeetTests.swift */; };
		5037ACAE238D9C2D00067EFA /* GoogleService-Info.plist in Resources */ = {isa = PBXBuildFile; fileRef = 5037ACAD238D9C2D00067EFA /* GoogleService-Info.plist */; };
		5037ACB4238D9D8E00067EFA /* LetsMeetTabBar.swift in Sources */ = {isa = PBXBuildFile; fileRef = 5037ACB3238D9D8E00067EFA /* LetsMeetTabBar.swift */; };
		5037ACBA238D9E3900067EFA /* LoginVC.swift in Sources */ = {isa = PBXBuildFile; fileRef = 5037ACB9238D9E3900067EFA /* LoginVC.swift */; };
		5037ACBC238D9E4500067EFA /* SignUpVC.swift in Sources */ = {isa = PBXBuildFile; fileRef = 5037ACBB238D9E4500067EFA /* SignUpVC.swift */; };
		5037ACBE238D9E5E00067EFA /* UserProfileVC.swift in Sources */ = {isa = PBXBuildFile; fileRef = 5037ACBD238D9E5E00067EFA /* UserProfileVC.swift */; };
		5037ACC0238D9E7700067EFA /* EditProfileVC.swift in Sources */ = {isa = PBXBuildFile; fileRef = 5037ACBF238D9E7700067EFA /* EditProfileVC.swift */; };
		5037ACC2238D9F5D00067EFA /* CheckEmail&Pass.swift in Sources */ = {isa = PBXBuildFile; fileRef = 5037ACC1238D9F5D00067EFA /* CheckEmail&Pass.swift */; };
		5037ACC4238D9FA700067EFA /* FirebaseAuthService.swift in Sources */ = {isa = PBXBuildFile; fileRef = 5037ACC3238D9FA700067EFA /* FirebaseAuthService.swift */; };
		5037ACC6238D9FBF00067EFA /* FirebaseService.swift in Sources */ = {isa = PBXBuildFile; fileRef = 5037ACC5238D9FBF00067EFA /* FirebaseService.swift */; };
		5037ACC8238D9FCC00067EFA /* FirebaseStorage.swift in Sources */ = {isa = PBXBuildFile; fileRef = 5037ACC7238D9FCC00067EFA /* FirebaseStorage.swift */; };
		504A528E239F435D0053661F /* ChatsVC.swift in Sources */ = {isa = PBXBuildFile; fileRef = 504A528D239F435D0053661F /* ChatsVC.swift */; };
		504A5290239F48BF0053661F /* NewMessageVC.swift in Sources */ = {isa = PBXBuildFile; fileRef = 504A528F239F48BF0053661F /* NewMessageVC.swift */; };
		5FB0B4E11E450E634D150DBA /* Pods_LetsMeet.framework in Frameworks */ = {isa = PBXBuildFile; fileRef = 5C870B1B791030630E4A4846 /* Pods_LetsMeet.framework */; };
/* End PBXBuildFile section */

/* Begin PBXContainerItemProxy section */
		5037AC9F238D9A3F00067EFA /* PBXContainerItemProxy */ = {
			isa = PBXContainerItemProxy;
			containerPortal = 5037AC80238D9A3D00067EFA /* Project object */;
			proxyType = 1;
			remoteGlobalIDString = 5037AC87238D9A3D00067EFA;
			remoteInfo = LetsMeet;
		};
/* End PBXContainerItemProxy section */

/* Begin PBXFileReference section */
		1038175980B18836487CE76D /* Pods_LetsMeetTests.framework */ = {isa = PBXFileReference; explicitFileType = wrapper.framework; includeInIndex = 0; path = Pods_LetsMeetTests.framework; sourceTree = BUILT_PRODUCTS_DIR; };
		500E495B238DA40800D26BD2 /* AppUser.swift */ = {isa = PBXFileReference; lastKnownFileType = sourcecode.swift; path = AppUser.swift; sourceTree = "<group>"; };
		503223AB23A09D6A009A9BCA /* UsersMessageCell.swift */ = {isa = PBXFileReference; lastKnownFileType = sourcecode.swift; path = UsersMessageCell.swift; sourceTree = "<group>"; };
		503223AD23A0AEE1009A9BCA /* ChatLogController.swift */ = {isa = PBXFileReference; lastKnownFileType = sourcecode.swift; path = ChatLogController.swift; sourceTree = "<group>"; };
		5037AC88238D9A3D00067EFA /* LetsMeet.app */ = {isa = PBXFileReference; explicitFileType = wrapper.application; includeInIndex = 0; path = LetsMeet.app; sourceTree = BUILT_PRODUCTS_DIR; };
		5037AC8B238D9A3D00067EFA /* AppDelegate.swift */ = {isa = PBXFileReference; lastKnownFileType = sourcecode.swift; path = AppDelegate.swift; sourceTree = "<group>"; };
		5037AC8D238D9A3D00067EFA /* SceneDelegate.swift */ = {isa = PBXFileReference; lastKnownFileType = sourcecode.swift; path = SceneDelegate.swift; sourceTree = "<group>"; };
		5037AC94238D9A3F00067EFA /* Assets.xcassets */ = {isa = PBXFileReference; lastKnownFileType = folder.assetcatalog; path = Assets.xcassets; sourceTree = "<group>"; };
		5037AC97238D9A3F00067EFA /* Base */ = {isa = PBXFileReference; lastKnownFileType = file.storyboard; name = Base; path = Base.lproj/LaunchScreen.storyboard; sourceTree = "<group>"; };
		5037AC99238D9A3F00067EFA /* Info.plist */ = {isa = PBXFileReference; lastKnownFileType = text.plist.xml; path = Info.plist; sourceTree = "<group>"; };
		5037AC9E238D9A3F00067EFA /* LetsMeetTests.xctest */ = {isa = PBXFileReference; explicitFileType = wrapper.cfbundle; includeInIndex = 0; path = LetsMeetTests.xctest; sourceTree = BUILT_PRODUCTS_DIR; };
		5037ACA2238D9A3F00067EFA /* LetsMeetTests.swift */ = {isa = PBXFileReference; lastKnownFileType = sourcecode.swift; path = LetsMeetTests.swift; sourceTree = "<group>"; };
		5037ACA4238D9A3F00067EFA /* Info.plist */ = {isa = PBXFileReference; lastKnownFileType = text.plist.xml; path = Info.plist; sourceTree = "<group>"; };
		5037ACAD238D9C2D00067EFA /* GoogleService-Info.plist */ = {isa = PBXFileReference; fileEncoding = 4; lastKnownFileType = text.plist.xml; path = "GoogleService-Info.plist"; sourceTree = "<group>"; };
		5037ACB3238D9D8E00067EFA /* LetsMeetTabBar.swift */ = {isa = PBXFileReference; lastKnownFileType = sourcecode.swift; path = LetsMeetTabBar.swift; sourceTree = "<group>"; };
		5037ACB9238D9E3900067EFA /* LoginVC.swift */ = {isa = PBXFileReference; lastKnownFileType = sourcecode.swift; path = LoginVC.swift; sourceTree = "<group>"; };
		5037ACBB238D9E4500067EFA /* SignUpVC.swift */ = {isa = PBXFileReference; lastKnownFileType = sourcecode.swift; path = SignUpVC.swift; sourceTree = "<group>"; };
		5037ACBD238D9E5E00067EFA /* UserProfileVC.swift */ = {isa = PBXFileReference; lastKnownFileType = sourcecode.swift; path = UserProfileVC.swift; sourceTree = "<group>"; };
		5037ACBF238D9E7700067EFA /* EditProfileVC.swift */ = {isa = PBXFileReference; lastKnownFileType = sourcecode.swift; path = EditProfileVC.swift; sourceTree = "<group>"; };
		5037ACC1238D9F5D00067EFA /* CheckEmail&Pass.swift */ = {isa = PBXFileReference; lastKnownFileType = sourcecode.swift; path = "CheckEmail&Pass.swift"; sourceTree = "<group>"; };
		5037ACC3238D9FA700067EFA /* FirebaseAuthService.swift */ = {isa = PBXFileReference; lastKnownFileType = sourcecode.swift; path = FirebaseAuthService.swift; sourceTree = "<group>"; };
		5037ACC5238D9FBF00067EFA /* FirebaseService.swift */ = {isa = PBXFileReference; lastKnownFileType = sourcecode.swift; path = FirebaseService.swift; sourceTree = "<group>"; };
		5037ACC7238D9FCC00067EFA /* FirebaseStorage.swift */ = {isa = PBXFileReference; lastKnownFileType = sourcecode.swift; path = FirebaseStorage.swift; sourceTree = "<group>"; };
		504A528D239F435D0053661F /* ChatsVC.swift */ = {isa = PBXFileReference; lastKnownFileType = sourcecode.swift; path = ChatsVC.swift; sourceTree = "<group>"; };
		504A528F239F48BF0053661F /* NewMessageVC.swift */ = {isa = PBXFileReference; lastKnownFileType = sourcecode.swift; path = NewMessageVC.swift; sourceTree = "<group>"; };
		5C870B1B791030630E4A4846 /* Pods_LetsMeet.framework */ = {isa = PBXFileReference; explicitFileType = wrapper.framework; includeInIndex = 0; path = Pods_LetsMeet.framework; sourceTree = BUILT_PRODUCTS_DIR; };
		AF3350948338A63698893511 /* Pods-LetsMeet.debug.xcconfig */ = {isa = PBXFileReference; includeInIndex = 1; lastKnownFileType = text.xcconfig; name = "Pods-LetsMeet.debug.xcconfig"; path = "Target Support Files/Pods-LetsMeet/Pods-LetsMeet.debug.xcconfig"; sourceTree = "<group>"; };
		B5AFC3B1DAD3D640E78F7E49 /* Pods-LetsMeetTests.release.xcconfig */ = {isa = PBXFileReference; includeInIndex = 1; lastKnownFileType = text.xcconfig; name = "Pods-LetsMeetTests.release.xcconfig"; path = "Target Support Files/Pods-LetsMeetTests/Pods-LetsMeetTests.release.xcconfig"; sourceTree = "<group>"; };
		BEC1E74EB15DB49D1EA0F30E /* Pods-LetsMeet.release.xcconfig */ = {isa = PBXFileReference; includeInIndex = 1; lastKnownFileType = text.xcconfig; name = "Pods-LetsMeet.release.xcconfig"; path = "Target Support Files/Pods-LetsMeet/Pods-LetsMeet.release.xcconfig"; sourceTree = "<group>"; };
		E17657CD5397C8759BA18C6E /* Pods-LetsMeetTests.debug.xcconfig */ = {isa = PBXFileReference; includeInIndex = 1; lastKnownFileType = text.xcconfig; name = "Pods-LetsMeetTests.debug.xcconfig"; path = "Target Support Files/Pods-LetsMeetTests/Pods-LetsMeetTests.debug.xcconfig"; sourceTree = "<group>"; };
/* End PBXFileReference section */

/* Begin PBXFrameworksBuildPhase section */
		5037AC85238D9A3D00067EFA /* Frameworks */ = {
			isa = PBXFrameworksBuildPhase;
			buildActionMask = 2147483647;
			files = (
				5FB0B4E11E450E634D150DBA /* Pods_LetsMeet.framework in Frameworks */,
			);
			runOnlyForDeploymentPostprocessing = 0;
		};
		5037AC9B238D9A3F00067EFA /* Frameworks */ = {
			isa = PBXFrameworksBuildPhase;
			buildActionMask = 2147483647;
			files = (
				3FFB1665268A602BBECAC907 /* Pods_LetsMeetTests.framework in Frameworks */,
			);
			runOnlyForDeploymentPostprocessing = 0;
		};
/* End PBXFrameworksBuildPhase section */

/* Begin PBXGroup section */
		44BC6E7411ED2F5CAD71D82A /* Frameworks */ = {
			isa = PBXGroup;
			children = (
				5C870B1B791030630E4A4846 /* Pods_LetsMeet.framework */,
				1038175980B18836487CE76D /* Pods_LetsMeetTests.framework */,
			);
			name = Frameworks;
			sourceTree = "<group>";
		};
		503223AA23A09D49009A9BCA /* VIews */ = {
			isa = PBXGroup;
			children = (
				503223AB23A09D6A009A9BCA /* UsersMessageCell.swift */,
			);
			path = VIews;
			sourceTree = "<group>";
		};
		5037AC7F238D9A3D00067EFA = {
			isa = PBXGroup;
			children = (
				5037AC8A238D9A3D00067EFA /* LetsMeet */,
				5037ACA1238D9A3F00067EFA /* LetsMeetTests */,
				5037AC89238D9A3D00067EFA /* Products */,
				A28012D01F56C18FB6031396 /* Pods */,
				44BC6E7411ED2F5CAD71D82A /* Frameworks */,
			);
			sourceTree = "<group>";
		};
		5037AC89238D9A3D00067EFA /* Products */ = {
			isa = PBXGroup;
			children = (
				5037AC88238D9A3D00067EFA /* LetsMeet.app */,
				5037AC9E238D9A3F00067EFA /* LetsMeetTests.xctest */,
			);
			name = Products;
			sourceTree = "<group>";
		};
		5037AC8A238D9A3D00067EFA /* LetsMeet */ = {
			isa = PBXGroup;
			children = (
				503223AA23A09D49009A9BCA /* VIews */,
				5037ACB2238D9D1200067EFA /* Firebase */,
				5037ACB1238D9D0900067EFA /* Supporting */,
				5037ACB0238D9D0300067EFA /* Controller */,
				5037ACAF238D9CFD00067EFA /* Model */,
				5037AC96238D9A3F00067EFA /* LaunchScreen.storyboard */,
				5037ACAD238D9C2D00067EFA /* GoogleService-Info.plist */,
				5037AC99238D9A3F00067EFA /* Info.plist */,
			);
			path = LetsMeet;
			sourceTree = "<group>";
		};
		5037ACA1238D9A3F00067EFA /* LetsMeetTests */ = {
			isa = PBXGroup;
			children = (
				5037ACA2238D9A3F00067EFA /* LetsMeetTests.swift */,
				5037ACA4238D9A3F00067EFA /* Info.plist */,
			);
			path = LetsMeetTests;
			sourceTree = "<group>";
		};
		5037ACAF238D9CFD00067EFA /* Model */ = {
			isa = PBXGroup;
			children = (
				500E495B238DA40800D26BD2 /* AppUser.swift */,
			);
			path = Model;
			sourceTree = "<group>";
		};
		5037ACB0238D9D0300067EFA /* Controller */ = {
			isa = PBXGroup;
			children = (
				5037ACB8238D9E2100067EFA /* Posts */,
				5037ACB7238D9E0E00067EFA /* User */,
				5037ACB6238D9E0600067EFA /* Chat */,
				5037ACB5238D9DFF00067EFA /* Login */,
				5037ACB3238D9D8E00067EFA /* LetsMeetTabBar.swift */,
			);
			path = Controller;
			sourceTree = "<group>";
		};
		5037ACB1238D9D0900067EFA /* Supporting */ = {
			isa = PBXGroup;
			children = (
				5037AC8B238D9A3D00067EFA /* AppDelegate.swift */,
				5037AC94238D9A3F00067EFA /* Assets.xcassets */,
				5037AC8D238D9A3D00067EFA /* SceneDelegate.swift */,
				5037ACC1238D9F5D00067EFA /* CheckEmail&Pass.swift */,
			);
			path = Supporting;
			sourceTree = "<group>";
		};
		5037ACB2238D9D1200067EFA /* Firebase */ = {
			isa = PBXGroup;
			children = (
				5037ACC3238D9FA700067EFA /* FirebaseAuthService.swift */,
				5037ACC5238D9FBF00067EFA /* FirebaseService.swift */,
				5037ACC7238D9FCC00067EFA /* FirebaseStorage.swift */,
			);
			path = Firebase;
			sourceTree = "<group>";
		};
		5037ACB5238D9DFF00067EFA /* Login */ = {
			isa = PBXGroup;
			children = (
				5037ACB9238D9E3900067EFA /* LoginVC.swift */,
				5037ACBB238D9E4500067EFA /* SignUpVC.swift */,
			);
			path = Login;
			sourceTree = "<group>";
		};
		5037ACB6238D9E0600067EFA /* Chat */ = {
			isa = PBXGroup;
			children = (
				504A528D239F435D0053661F /* ChatsVC.swift */,
				504A528F239F48BF0053661F /* NewMessageVC.swift */,
				503223AD23A0AEE1009A9BCA /* ChatLogController.swift */,
			);
			path = Chat;
			sourceTree = "<group>";
		};
		5037ACB7238D9E0E00067EFA /* User */ = {
			isa = PBXGroup;
			children = (
				5037ACBD238D9E5E00067EFA /* UserProfileVC.swift */,
				5037ACBF238D9E7700067EFA /* EditProfileVC.swift */,
			);
			path = User;
			sourceTree = "<group>";
		};
		5037ACB8238D9E2100067EFA /* Posts */ = {
			isa = PBXGroup;
			children = (
			);
			path = Posts;
			sourceTree = "<group>";
		};
		A28012D01F56C18FB6031396 /* Pods */ = {
			isa = PBXGroup;
			children = (
				AF3350948338A63698893511 /* Pods-LetsMeet.debug.xcconfig */,
				BEC1E74EB15DB49D1EA0F30E /* Pods-LetsMeet.release.xcconfig */,
				E17657CD5397C8759BA18C6E /* Pods-LetsMeetTests.debug.xcconfig */,
				B5AFC3B1DAD3D640E78F7E49 /* Pods-LetsMeetTests.release.xcconfig */,
			);
			path = Pods;
			sourceTree = "<group>";
		};
/* End PBXGroup section */

/* Begin PBXNativeTarget section */
		5037AC87238D9A3D00067EFA /* LetsMeet */ = {
			isa = PBXNativeTarget;
			buildConfigurationList = 5037ACA7238D9A3F00067EFA /* Build configuration list for PBXNativeTarget "LetsMeet" */;
			buildPhases = (
				A18CAB8EDD0C405BF23FF458 /* [CP] Check Pods Manifest.lock */,
				5037AC84238D9A3D00067EFA /* Sources */,
				5037AC85238D9A3D00067EFA /* Frameworks */,
				5037AC86238D9A3D00067EFA /* Resources */,
				6FFEF7453BEDEDABB4CAD64A /* [CP] Embed Pods Frameworks */,
			);
			buildRules = (
			);
			dependencies = (
			);
			name = LetsMeet;
			productName = LetsMeet;
			productReference = 5037AC88238D9A3D00067EFA /* LetsMeet.app */;
			productType = "com.apple.product-type.application";
		};
		5037AC9D238D9A3F00067EFA /* LetsMeetTests */ = {
			isa = PBXNativeTarget;
			buildConfigurationList = 5037ACAA238D9A3F00067EFA /* Build configuration list for PBXNativeTarget "LetsMeetTests" */;
			buildPhases = (
				6973E80697275C2A7F402FFE /* [CP] Check Pods Manifest.lock */,
				5037AC9A238D9A3F00067EFA /* Sources */,
				5037AC9B238D9A3F00067EFA /* Frameworks */,
				5037AC9C238D9A3F00067EFA /* Resources */,
			);
			buildRules = (
			);
			dependencies = (
				5037ACA0238D9A3F00067EFA /* PBXTargetDependency */,
			);
			name = LetsMeetTests;
			productName = LetsMeetTests;
			productReference = 5037AC9E238D9A3F00067EFA /* LetsMeetTests.xctest */;
			productType = "com.apple.product-type.bundle.unit-test";
		};
/* End PBXNativeTarget section */

/* Begin PBXProject section */
		5037AC80238D9A3D00067EFA /* Project object */ = {
			isa = PBXProject;
			attributes = {
				LastSwiftUpdateCheck = 1120;
				LastUpgradeCheck = 1120;
				ORGANIZATIONNAME = "albert coelho oliveira";
				TargetAttributes = {
					5037AC87238D9A3D00067EFA = {
						CreatedOnToolsVersion = 11.2.1;
					};
					5037AC9D238D9A3F00067EFA = {
						CreatedOnToolsVersion = 11.2.1;
						TestTargetID = 5037AC87238D9A3D00067EFA;
					};
				};
			};
			buildConfigurationList = 5037AC83238D9A3D00067EFA /* Build configuration list for PBXProject "LetsMeet" */;
			compatibilityVersion = "Xcode 9.3";
			developmentRegion = en;
			hasScannedForEncodings = 0;
			knownRegions = (
				en,
				Base,
			);
			mainGroup = 5037AC7F238D9A3D00067EFA;
			productRefGroup = 5037AC89238D9A3D00067EFA /* Products */;
			projectDirPath = "";
			projectRoot = "";
			targets = (
				5037AC87238D9A3D00067EFA /* LetsMeet */,
				5037AC9D238D9A3F00067EFA /* LetsMeetTests */,
			);
		};
/* End PBXProject section */

/* Begin PBXResourcesBuildPhase section */
		5037AC86238D9A3D00067EFA /* Resources */ = {
			isa = PBXResourcesBuildPhase;
			buildActionMask = 2147483647;
			files = (
				5037AC98238D9A3F00067EFA /* LaunchScreen.storyboard in Resources */,
				5037ACAE238D9C2D00067EFA /* GoogleService-Info.plist in Resources */,
				5037AC95238D9A3F00067EFA /* Assets.xcassets in Resources */,
			);
			runOnlyForDeploymentPostprocessing = 0;
		};
		5037AC9C238D9A3F00067EFA /* Resources */ = {
			isa = PBXResourcesBuildPhase;
			buildActionMask = 2147483647;
			files = (
			);
			runOnlyForDeploymentPostprocessing = 0;
		};
/* End PBXResourcesBuildPhase section */

/* Begin PBXShellScriptBuildPhase section */
		6973E80697275C2A7F402FFE /* [CP] Check Pods Manifest.lock */ = {
			isa = PBXShellScriptBuildPhase;
			buildActionMask = 2147483647;
			files = (
			);
			inputFileListPaths = (
			);
			inputPaths = (
				"${PODS_PODFILE_DIR_PATH}/Podfile.lock",
				"${PODS_ROOT}/Manifest.lock",
			);
			name = "[CP] Check Pods Manifest.lock";
			outputFileListPaths = (
			);
			outputPaths = (
				"$(DERIVED_FILE_DIR)/Pods-LetsMeetTests-checkManifestLockResult.txt",
			);
			runOnlyForDeploymentPostprocessing = 0;
			shellPath = /bin/sh;
			shellScript = "diff \"${PODS_PODFILE_DIR_PATH}/Podfile.lock\" \"${PODS_ROOT}/Manifest.lock\" > /dev/null\nif [ $? != 0 ] ; then\n    # print error to STDERR\n    echo \"error: The sandbox is not in sync with the Podfile.lock. Run 'pod install' or update your CocoaPods installation.\" >&2\n    exit 1\nfi\n# This output is used by Xcode 'outputs' to avoid re-running this script phase.\necho \"SUCCESS\" > \"${SCRIPT_OUTPUT_FILE_0}\"\n";
			showEnvVarsInLog = 0;
		};
		6FFEF7453BEDEDABB4CAD64A /* [CP] Embed Pods Frameworks */ = {
			isa = PBXShellScriptBuildPhase;
			buildActionMask = 2147483647;
			files = (
			);
			inputFileListPaths = (
				"${PODS_ROOT}/Target Support Files/Pods-LetsMeet/Pods-LetsMeet-frameworks-${CONFIGURATION}-input-files.xcfilelist",
			);
			name = "[CP] Embed Pods Frameworks";
			outputFileListPaths = (
				"${PODS_ROOT}/Target Support Files/Pods-LetsMeet/Pods-LetsMeet-frameworks-${CONFIGURATION}-output-files.xcfilelist",
			);
			runOnlyForDeploymentPostprocessing = 0;
			shellPath = /bin/sh;
			shellScript = "\"${PODS_ROOT}/Target Support Files/Pods-LetsMeet/Pods-LetsMeet-frameworks.sh\"\n";
			showEnvVarsInLog = 0;
		};
		A18CAB8EDD0C405BF23FF458 /* [CP] Check Pods Manifest.lock */ = {
			isa = PBXShellScriptBuildPhase;
			buildActionMask = 2147483647;
			files = (
			);
			inputFileListPaths = (
			);
			inputPaths = (
				"${PODS_PODFILE_DIR_PATH}/Podfile.lock",
				"${PODS_ROOT}/Manifest.lock",
			);
			name = "[CP] Check Pods Manifest.lock";
			outputFileListPaths = (
			);
			outputPaths = (
				"$(DERIVED_FILE_DIR)/Pods-LetsMeet-checkManifestLockResult.txt",
			);
			runOnlyForDeploymentPostprocessing = 0;
			shellPath = /bin/sh;
			shellScript = "diff \"${PODS_PODFILE_DIR_PATH}/Podfile.lock\" \"${PODS_ROOT}/Manifest.lock\" > /dev/null\nif [ $? != 0 ] ; then\n    # print error to STDERR\n    echo \"error: The sandbox is not in sync with the Podfile.lock. Run 'pod install' or update your CocoaPods installation.\" >&2\n    exit 1\nfi\n# This output is used by Xcode 'outputs' to avoid re-running this script phase.\necho \"SUCCESS\" > \"${SCRIPT_OUTPUT_FILE_0}\"\n";
			showEnvVarsInLog = 0;
		};
/* End PBXShellScriptBuildPhase section */

/* Begin PBXSourcesBuildPhase section */
		5037AC84238D9A3D00067EFA /* Sources */ = {
			isa = PBXSourcesBuildPhase;
			buildActionMask = 2147483647;
			files = (
				504A528E239F435D0053661F /* ChatsVC.swift in Sources */,
				5037ACC8238D9FCC00067EFA /* FirebaseStorage.swift in Sources */,
				5037ACB4238D9D8E00067EFA /* LetsMeetTabBar.swift in Sources */,
				5037ACBE238D9E5E00067EFA /* UserProfileVC.swift in Sources */,
				504A5290239F48BF0053661F /* NewMessageVC.swift in Sources */,
				5037AC8C238D9A3D00067EFA /* AppDelegate.swift in Sources */,
				500E495C238DA40800D26BD2 /* AppUser.swift in Sources */,
				5037ACC2238D9F5D00067EFA /* CheckEmail&Pass.swift in Sources */,
				503223AE23A0AEE1009A9BCA /* ChatLogController.swift in Sources */,
				5037ACC4238D9FA700067EFA /* FirebaseAuthService.swift in Sources */,
				5037ACC0238D9E7700067EFA /* EditProfileVC.swift in Sources */,
				5037ACC6238D9FBF00067EFA /* FirebaseService.swift in Sources */,
				5037ACBA238D9E3900067EFA /* LoginVC.swift in Sources */,
				5037ACBC238D9E4500067EFA /* SignUpVC.swift in Sources */,
				5037AC8E238D9A3D00067EFA /* SceneDelegate.swift in Sources */,
				503223AC23A09D6A009A9BCA /* UsersMessageCell.swift in Sources */,
			);
			runOnlyForDeploymentPostprocessing = 0;
		};
		5037AC9A238D9A3F00067EFA /* Sources */ = {
			isa = PBXSourcesBuildPhase;
			buildActionMask = 2147483647;
			files = (
				5037ACA3238D9A3F00067EFA /* LetsMeetTests.swift in Sources */,
			);
			runOnlyForDeploymentPostprocessing = 0;
		};
/* End PBXSourcesBuildPhase section */

/* Begin PBXTargetDependency section */
		5037ACA0238D9A3F00067EFA /* PBXTargetDependency */ = {
			isa = PBXTargetDependency;
			target = 5037AC87238D9A3D00067EFA /* LetsMeet */;
			targetProxy = 5037AC9F238D9A3F00067EFA /* PBXContainerItemProxy */;
		};
/* End PBXTargetDependency section */

/* Begin PBXVariantGroup section */
		5037AC96238D9A3F00067EFA /* LaunchScreen.storyboard */ = {
			isa = PBXVariantGroup;
			children = (
				5037AC97238D9A3F00067EFA /* Base */,
			);
			name = LaunchScreen.storyboard;
			sourceTree = "<group>";
		};
/* End PBXVariantGroup section */

/* Begin XCBuildConfiguration section */
		5037ACA5238D9A3F00067EFA /* Debug */ = {
			isa = XCBuildConfiguration;
			buildSettings = {
				ALWAYS_SEARCH_USER_PATHS = NO;
				CLANG_ANALYZER_NONNULL = YES;
				CLANG_ANALYZER_NUMBER_OBJECT_CONVERSION = YES_AGGRESSIVE;
				CLANG_CXX_LANGUAGE_STANDARD = "gnu++14";
				CLANG_CXX_LIBRARY = "libc++";
				CLANG_ENABLE_MODULES = YES;
				CLANG_ENABLE_OBJC_ARC = YES;
				CLANG_ENABLE_OBJC_WEAK = YES;
				CLANG_WARN_BLOCK_CAPTURE_AUTORELEASING = YES;
				CLANG_WARN_BOOL_CONVERSION = YES;
				CLANG_WARN_COMMA = YES;
				CLANG_WARN_CONSTANT_CONVERSION = YES;
				CLANG_WARN_DEPRECATED_OBJC_IMPLEMENTATIONS = YES;
				CLANG_WARN_DIRECT_OBJC_ISA_USAGE = YES_ERROR;
				CLANG_WARN_DOCUMENTATION_COMMENTS = YES;
				CLANG_WARN_EMPTY_BODY = YES;
				CLANG_WARN_ENUM_CONVERSION = YES;
				CLANG_WARN_INFINITE_RECURSION = YES;
				CLANG_WARN_INT_CONVERSION = YES;
				CLANG_WARN_NON_LITERAL_NULL_CONVERSION = YES;
				CLANG_WARN_OBJC_IMPLICIT_RETAIN_SELF = YES;
				CLANG_WARN_OBJC_LITERAL_CONVERSION = YES;
				CLANG_WARN_OBJC_ROOT_CLASS = YES_ERROR;
				CLANG_WARN_RANGE_LOOP_ANALYSIS = YES;
				CLANG_WARN_STRICT_PROTOTYPES = YES;
				CLANG_WARN_SUSPICIOUS_MOVE = YES;
				CLANG_WARN_UNGUARDED_AVAILABILITY = YES_AGGRESSIVE;
				CLANG_WARN_UNREACHABLE_CODE = YES;
				CLANG_WARN__DUPLICATE_METHOD_MATCH = YES;
				COPY_PHASE_STRIP = NO;
				DEBUG_INFORMATION_FORMAT = dwarf;
				ENABLE_STRICT_OBJC_MSGSEND = YES;
				ENABLE_TESTABILITY = YES;
				GCC_C_LANGUAGE_STANDARD = gnu11;
				GCC_DYNAMIC_NO_PIC = NO;
				GCC_NO_COMMON_BLOCKS = YES;
				GCC_OPTIMIZATION_LEVEL = 0;
				GCC_PREPROCESSOR_DEFINITIONS = (
					"DEBUG=1",
					"$(inherited)",
				);
				GCC_WARN_64_TO_32_BIT_CONVERSION = YES;
				GCC_WARN_ABOUT_RETURN_TYPE = YES_ERROR;
				GCC_WARN_UNDECLARED_SELECTOR = YES;
				GCC_WARN_UNINITIALIZED_AUTOS = YES_AGGRESSIVE;
				GCC_WARN_UNUSED_FUNCTION = YES;
				GCC_WARN_UNUSED_VARIABLE = YES;
				IPHONEOS_DEPLOYMENT_TARGET = 13.2;
				MTL_ENABLE_DEBUG_INFO = INCLUDE_SOURCE;
				MTL_FAST_MATH = YES;
				ONLY_ACTIVE_ARCH = YES;
				SDKROOT = iphoneos;
				SWIFT_ACTIVE_COMPILATION_CONDITIONS = DEBUG;
				SWIFT_OPTIMIZATION_LEVEL = "-Onone";
			};
			name = Debug;
		};
		5037ACA6238D9A3F00067EFA /* Release */ = {
			isa = XCBuildConfiguration;
			buildSettings = {
				ALWAYS_SEARCH_USER_PATHS = NO;
				CLANG_ANALYZER_NONNULL = YES;
				CLANG_ANALYZER_NUMBER_OBJECT_CONVERSION = YES_AGGRESSIVE;
				CLANG_CXX_LANGUAGE_STANDARD = "gnu++14";
				CLANG_CXX_LIBRARY = "libc++";
				CLANG_ENABLE_MODULES = YES;
				CLANG_ENABLE_OBJC_ARC = YES;
				CLANG_ENABLE_OBJC_WEAK = YES;
				CLANG_WARN_BLOCK_CAPTURE_AUTORELEASING = YES;
				CLANG_WARN_BOOL_CONVERSION = YES;
				CLANG_WARN_COMMA = YES;
				CLANG_WARN_CONSTANT_CONVERSION = YES;
				CLANG_WARN_DEPRECATED_OBJC_IMPLEMENTATIONS = YES;
				CLANG_WARN_DIRECT_OBJC_ISA_USAGE = YES_ERROR;
				CLANG_WARN_DOCUMENTATION_COMMENTS = YES;
				CLANG_WARN_EMPTY_BODY = YES;
				CLANG_WARN_ENUM_CONVERSION = YES;
				CLANG_WARN_INFINITE_RECURSION = YES;
				CLANG_WARN_INT_CONVERSION = YES;
				CLANG_WARN_NON_LITERAL_NULL_CONVERSION = YES;
				CLANG_WARN_OBJC_IMPLICIT_RETAIN_SELF = YES;
				CLANG_WARN_OBJC_LITERAL_CONVERSION = YES;
				CLANG_WARN_OBJC_ROOT_CLASS = YES_ERROR;
				CLANG_WARN_RANGE_LOOP_ANALYSIS = YES;
				CLANG_WARN_STRICT_PROTOTYPES = YES;
				CLANG_WARN_SUSPICIOUS_MOVE = YES;
				CLANG_WARN_UNGUARDED_AVAILABILITY = YES_AGGRESSIVE;
				CLANG_WARN_UNREACHABLE_CODE = YES;
				CLANG_WARN__DUPLICATE_METHOD_MATCH = YES;
				COPY_PHASE_STRIP = NO;
				DEBUG_INFORMATION_FORMAT = "dwarf-with-dsym";
				ENABLE_NS_ASSERTIONS = NO;
				ENABLE_STRICT_OBJC_MSGSEND = YES;
				GCC_C_LANGUAGE_STANDARD = gnu11;
				GCC_NO_COMMON_BLOCKS = YES;
				GCC_WARN_64_TO_32_BIT_CONVERSION = YES;
				GCC_WARN_ABOUT_RETURN_TYPE = YES_ERROR;
				GCC_WARN_UNDECLARED_SELECTOR = YES;
				GCC_WARN_UNINITIALIZED_AUTOS = YES_AGGRESSIVE;
				GCC_WARN_UNUSED_FUNCTION = YES;
				GCC_WARN_UNUSED_VARIABLE = YES;
				IPHONEOS_DEPLOYMENT_TARGET = 13.2;
				MTL_ENABLE_DEBUG_INFO = NO;
				MTL_FAST_MATH = YES;
				SDKROOT = iphoneos;
				SWIFT_COMPILATION_MODE = wholemodule;
				SWIFT_OPTIMIZATION_LEVEL = "-O";
				VALIDATE_PRODUCT = YES;
			};
			name = Release;
		};
		5037ACA8238D9A3F00067EFA /* Debug */ = {
			isa = XCBuildConfiguration;
			baseConfigurationReference = AF3350948338A63698893511 /* Pods-LetsMeet.debug.xcconfig */;
			buildSettings = {
				ASSETCATALOG_COMPILER_APPICON_NAME = AppIcon;
				CODE_SIGN_STYLE = Automatic;
				DEVELOPMENT_TEAM = NR846ZRL26;
				INFOPLIST_FILE = LetsMeet/Info.plist;
				LD_RUNPATH_SEARCH_PATHS = (
					"$(inherited)",
					"@executable_path/Frameworks",
				);
				PRODUCT_BUNDLE_IDENTIFIER = albert.LetsMeet;
				PRODUCT_NAME = "$(TARGET_NAME)";
				SWIFT_VERSION = 5.0;
				TARGETED_DEVICE_FAMILY = "1,2";
			};
			name = Debug;
		};
		5037ACA9238D9A3F00067EFA /* Release */ = {
			isa = XCBuildConfiguration;
			baseConfigurationReference = BEC1E74EB15DB49D1EA0F30E /* Pods-LetsMeet.release.xcconfig */;
			buildSettings = {
				ASSETCATALOG_COMPILER_APPICON_NAME = AppIcon;
				CODE_SIGN_STYLE = Automatic;
				DEVELOPMENT_TEAM = NR846ZRL26;
				INFOPLIST_FILE = LetsMeet/Info.plist;
				LD_RUNPATH_SEARCH_PATHS = (
					"$(inherited)",
					"@executable_path/Frameworks",
				);
				PRODUCT_BUNDLE_IDENTIFIER = albert.LetsMeet;
				PRODUCT_NAME = "$(TARGET_NAME)";
				SWIFT_VERSION = 5.0;
				TARGETED_DEVICE_FAMILY = "1,2";
			};
			name = Release;
		};
		5037ACAB238D9A3F00067EFA /* Debug */ = {
			isa = XCBuildConfiguration;
			baseConfigurationReference = E17657CD5397C8759BA18C6E /* Pods-LetsMeetTests.debug.xcconfig */;
			buildSettings = {
				ALWAYS_EMBED_SWIFT_STANDARD_LIBRARIES = YES;
				BUNDLE_LOADER = "$(TEST_HOST)";
				CODE_SIGN_STYLE = Automatic;
				DEVELOPMENT_TEAM = NR846ZRL26;
				INFOPLIST_FILE = LetsMeetTests/Info.plist;
				IPHONEOS_DEPLOYMENT_TARGET = 13.2;
				LD_RUNPATH_SEARCH_PATHS = (
					"$(inherited)",
					"@executable_path/Frameworks",
					"@loader_path/Frameworks",
				);
				PRODUCT_BUNDLE_IDENTIFIER = albert.LetsMeetTests;
				PRODUCT_NAME = "$(TARGET_NAME)";
				SWIFT_VERSION = 5.0;
				TARGETED_DEVICE_FAMILY = "1,2";
				TEST_HOST = "$(BUILT_PRODUCTS_DIR)/LetsMeet.app/LetsMeet";
			};
			name = Debug;
		};
		5037ACAC238D9A3F00067EFA /* Release */ = {
			isa = XCBuildConfiguration;
			baseConfigurationReference = B5AFC3B1DAD3D640E78F7E49 /* Pods-LetsMeetTests.release.xcconfig */;
			buildSettings = {
				ALWAYS_EMBED_SWIFT_STANDARD_LIBRARIES = YES;
				BUNDLE_LOADER = "$(TEST_HOST)";
				CODE_SIGN_STYLE = Automatic;
				DEVELOPMENT_TEAM = NR846ZRL26;
				INFOPLIST_FILE = LetsMeetTests/Info.plist;
				IPHONEOS_DEPLOYMENT_TARGET = 13.2;
				LD_RUNPATH_SEARCH_PATHS = (
					"$(inherited)",
					"@executable_path/Frameworks",
					"@loader_path/Frameworks",
				);
				PRODUCT_BUNDLE_IDENTIFIER = albert.LetsMeetTests;
				PRODUCT_NAME = "$(TARGET_NAME)";
				SWIFT_VERSION = 5.0;
				TARGETED_DEVICE_FAMILY = "1,2";
				TEST_HOST = "$(BUILT_PRODUCTS_DIR)/LetsMeet.app/LetsMeet";
			};
			name = Release;
		};
/* End XCBuildConfiguration section */

/* Begin XCConfigurationList section */
		5037AC83238D9A3D00067EFA /* Build configuration list for PBXProject "LetsMeet" */ = {
			isa = XCConfigurationList;
			buildConfigurations = (
				5037ACA5238D9A3F00067EFA /* Debug */,
				5037ACA6238D9A3F00067EFA /* Release */,
			);
			defaultConfigurationIsVisible = 0;
			defaultConfigurationName = Release;
		};
		5037ACA7238D9A3F00067EFA /* Build configuration list for PBXNativeTarget "LetsMeet" */ = {
			isa = XCConfigurationList;
			buildConfigurations = (
				5037ACA8238D9A3F00067EFA /* Debug */,
				5037ACA9238D9A3F00067EFA /* Release */,
			);
			defaultConfigurationIsVisible = 0;
			defaultConfigurationName = Release;
		};
		5037ACAA238D9A3F00067EFA /* Build configuration list for PBXNativeTarget "LetsMeetTests" */ = {
			isa = XCConfigurationList;
			buildConfigurations = (
				5037ACAB238D9A3F00067EFA /* Debug */,
				5037ACAC238D9A3F00067EFA /* Release */,
			);
			defaultConfigurationIsVisible = 0;
			defaultConfigurationName = Release;
		};
/* End XCConfigurationList section */
	};
	rootObject = 5037AC80238D9A3D00067EFA /* Project object */;
}
